
Microsoft Visual Studio Solution File, Format Version 12.00
# Visual Studio Version 16
VisualStudioVersion = 16.0.31624.102
MinimumVisualStudioVersion = 10.0.40219.1
Project("{FAE04EC0-301F-11D3-BF4B-00C04F79EFBC}") = "WebAPI_PRACTICE", "WebAPI_PRACTICE.csproj", "{A0BF48A5-F511-48D8-A8DD-0F95C672AB55}"
EndProject
Global
	GlobalSection(SolutionConfigurationPlatforms) = preSolution
		Debug|Any CPU = Debug|Any CPU
		Release|Any CPU = Release|Any CPU
	EndGlobalSection
	GlobalSection(ProjectConfigurationPlatforms) = postSolution
		{A0BF48A5-F511-48D8-A8DD-0F95C672AB55}.Debug|Any CPU.ActiveCfg = Debug|Any CPU
		{A0BF48A5-F511-48D8-A8DD-0F95C672AB55}.Debug|Any CPU.Build.0 = Debug|Any CPU
		{A0BF48A5-F511-48D8-A8DD-0F95C672AB55}.Release|Any CPU.ActiveCfg = Release|Any CPU
		{A0BF48A5-F511-48D8-A8DD-0F95C672AB55}.Release|Any CPU.Build.0 = Release|Any CPU
	EndGlobalSection
	GlobalSection(SolutionProperties) = preSolution
		HideSolutionNode = FALSE
	EndGlobalSection
	GlobalSection(ExtensibilityGlobals) = postSolution
		SolutionGuid = {BD779948-C392-44B6-B6B2-38ABAAACECB9}
	EndGlobalSection
EndGlobal
